
Microsoft Visual Studio Solution File, Format Version 12.00
# Visual Studio Version 16
VisualStudioVersion = 16.0.29709.97
MinimumVisualStudioVersion = 10.0.40219.1
Project("{2150E333-8FDC-42A3-9474-1A3956D46DE8}") = "01. Rest", "01. Rest", "{C53936B5-1401-412C-B288-04FE898C5A16}"
EndProject
Project("{2150E333-8FDC-42A3-9474-1A3956D46DE8}") = "02. Services", "02. Services", "{4543E6D5-CC31-40CA-9081-C5A8EC69FE42}"
EndProject
Project("{2150E333-8FDC-42A3-9474-1A3956D46DE8}") = "03. Persistence", "03. Persistence", "{DA53E3D0-DB8C-46BD-A41E-45B5C61C4BB0}"
EndProject
Project("{9A19103F-16F7-4668-BE54-9A1E7A4F7556}") = "CRM.Service.EventHandler", "src\CRM.Service.EventHandler\CRM.Service.EventHandler.csproj", "{E011D1B7-B8DE-498D-89FC-273294E464FD}"
EndProject
Project("{9A19103F-16F7-4668-BE54-9A1E7A4F7556}") = "CRM.Service.Query", "src\CRM.Service.Query\CRM.Service.Query.csproj", "{82CC74AD-FEF4-4111-A9F3-64BD8D8369B0}"
EndProject
Project("{9A19103F-16F7-4668-BE54-9A1E7A4F7556}") = "CRM.Persistence.Database", "src\CRM.Persistence.Database\CRM.Persistence.Database.csproj", "{C806E43D-FAD5-4379-8DE4-6ABE56FA477D}"
EndProject
Project("{2150E333-8FDC-42A3-9474-1A3956D46DE8}") = "04. Domain", "04. Domain", "{287F19D3-4E96-4F2C-A81C-16A21B638A15}"
EndProject
Project("{9A19103F-16F7-4668-BE54-9A1E7A4F7556}") = "CRM.Domain", "src\CRM.Domain\CRM.Domain.csproj", "{C83E5E42-6ACB-4E54-B76E-5DE6963E2456}"
EndProject
Project("{2150E333-8FDC-42A3-9474-1A3956D46DE8}") = "05. Common", "05. Common", "{BE0D04D5-D351-4F92-86E5-0B2087B641DB}"
EndProject
Project("{9A19103F-16F7-4668-BE54-9A1E7A4F7556}") = "CRM.Client", "src\CRM.Client\CRM.Client.csproj", "{424F1FD4-5710-4B24-AB03-DAB8F29D9867}"
EndProject
Project("{9A19103F-16F7-4668-BE54-9A1E7A4F7556}") = "CRM.Common.LoggedIn", "src\CRM.Common.LoggedIn\CRM.Common.LoggedIn.csproj", "{CA6F3126-D775-45B3-A13A-D59027AAA983}"
EndProject
Project("{9A19103F-16F7-4668-BE54-9A1E7A4F7556}") = "CRM.Common.Mapper", "src\CRM.Common.Mapper\CRM.Common.Mapper.csproj", "{D6BFCAE1-4C10-4B35-9F74-C4D88608939E}"
EndProject
Project("{FAE04EC0-301F-11D3-BF4B-00C04F79EFBC}") = "CRM.Common.Validator", "src\CRM.Common.Validator\CRM.Common.Validator.csproj", "{2EDCC343-3D12-4109-8EE1-ED8C69D2AB41}"
EndProject
Global
	GlobalSection(SolutionConfigurationPlatforms) = preSolution
		Debug|Any CPU = Debug|Any CPU
		Release|Any CPU = Release|Any CPU
	EndGlobalSection
	GlobalSection(ProjectConfigurationPlatforms) = postSolution
		{E011D1B7-B8DE-498D-89FC-273294E464FD}.Debug|Any CPU.ActiveCfg = Debug|Any CPU
		{E011D1B7-B8DE-498D-89FC-273294E464FD}.Debug|Any CPU.Build.0 = Debug|Any CPU
		{E011D1B7-B8DE-498D-89FC-273294E464FD}.Release|Any CPU.ActiveCfg = Release|Any CPU
		{E011D1B7-B8DE-498D-89FC-273294E464FD}.Release|Any CPU.Build.0 = Release|Any CPU
		{82CC74AD-FEF4-4111-A9F3-64BD8D8369B0}.Debug|Any CPU.ActiveCfg = Debug|Any CPU
		{82CC74AD-FEF4-4111-A9F3-64BD8D8369B0}.Debug|Any CPU.Build.0 = Debug|Any CPU
		{82CC74AD-FEF4-4111-A9F3-64BD8D8369B0}.Release|Any CPU.ActiveCfg = Release|Any CPU
		{82CC74AD-FEF4-4111-A9F3-64BD8D8369B0}.Release|Any CPU.Build.0 = Release|Any CPU
		{C806E43D-FAD5-4379-8DE4-6ABE56FA477D}.Debug|Any CPU.ActiveCfg = Debug|Any CPU
		{C806E43D-FAD5-4379-8DE4-6ABE56FA477D}.Debug|Any CPU.Build.0 = Debug|Any CPU
		{C806E43D-FAD5-4379-8DE4-6ABE56FA477D}.Release|Any CPU.ActiveCfg = Release|Any CPU
		{C806E43D-FAD5-4379-8DE4-6ABE56FA477D}.Release|Any CPU.Build.0 = Release|Any CPU
		{C83E5E42-6ACB-4E54-B76E-5DE6963E2456}.Debug|Any CPU.ActiveCfg = Debug|Any CPU
		{C83E5E42-6ACB-4E54-B76E-5DE6963E2456}.Debug|Any CPU.Build.0 = Debug|Any CPU
		{C83E5E42-6ACB-4E54-B76E-5DE6963E2456}.Release|Any CPU.ActiveCfg = Release|Any CPU
		{C83E5E42-6ACB-4E54-B76E-5DE6963E2456}.Release|Any CPU.Build.0 = Release|Any CPU
		{424F1FD4-5710-4B24-AB03-DAB8F29D9867}.Debug|Any CPU.ActiveCfg = Debug|Any CPU
		{424F1FD4-5710-4B24-AB03-DAB8F29D9867}.Debug|Any CPU.Build.0 = Debug|Any CPU
		{424F1FD4-5710-4B24-AB03-DAB8F29D9867}.Release|Any CPU.ActiveCfg = Release|Any CPU
		{424F1FD4-5710-4B24-AB03-DAB8F29D9867}.Release|Any CPU.Build.0 = Release|Any CPU
		{CA6F3126-D775-45B3-A13A-D59027AAA983}.Debug|Any CPU.ActiveCfg = Debug|Any CPU
		{CA6F3126-D775-45B3-A13A-D59027AAA983}.Debug|Any CPU.Build.0 = Debug|Any CPU
		{CA6F3126-D775-45B3-A13A-D59027AAA983}.Release|Any CPU.ActiveCfg = Release|Any CPU
		{CA6F3126-D775-45B3-A13A-D59027AAA983}.Release|Any CPU.Build.0 = Release|Any CPU
		{D6BFCAE1-4C10-4B35-9F74-C4D88608939E}.Debug|Any CPU.ActiveCfg = Debug|Any CPU
		{D6BFCAE1-4C10-4B35-9F74-C4D88608939E}.Debug|Any CPU.Build.0 = Debug|Any CPU
		{D6BFCAE1-4C10-4B35-9F74-C4D88608939E}.Release|Any CPU.ActiveCfg = Release|Any CPU
		{D6BFCAE1-4C10-4B35-9F74-C4D88608939E}.Release|Any CPU.Build.0 = Release|Any CPU
		{2EDCC343-3D12-4109-8EE1-ED8C69D2AB41}.Debug|Any CPU.ActiveCfg = Debug|Any CPU
		{2EDCC343-3D12-4109-8EE1-ED8C69D2AB41}.Debug|Any CPU.Build.0 = Debug|Any CPU
		{2EDCC343-3D12-4109-8EE1-ED8C69D2AB41}.Release|Any CPU.ActiveCfg = Release|Any CPU
		{2EDCC343-3D12-4109-8EE1-ED8C69D2AB41}.Release|Any CPU.Build.0 = Release|Any CPU
	EndGlobalSection
	GlobalSection(SolutionProperties) = preSolution
		HideSolutionNode = FALSE
	EndGlobalSection
	GlobalSection(NestedProjects) = preSolution
		{E011D1B7-B8DE-498D-89FC-273294E464FD} = {4543E6D5-CC31-40CA-9081-C5A8EC69FE42}
		{82CC74AD-FEF4-4111-A9F3-64BD8D8369B0} = {4543E6D5-CC31-40CA-9081-C5A8EC69FE42}
		{C806E43D-FAD5-4379-8DE4-6ABE56FA477D} = {DA53E3D0-DB8C-46BD-A41E-45B5C61C4BB0}
		{C83E5E42-6ACB-4E54-B76E-5DE6963E2456} = {287F19D3-4E96-4F2C-A81C-16A21B638A15}
		{424F1FD4-5710-4B24-AB03-DAB8F29D9867} = {C53936B5-1401-412C-B288-04FE898C5A16}
		{CA6F3126-D775-45B3-A13A-D59027AAA983} = {BE0D04D5-D351-4F92-86E5-0B2087B641DB}
		{D6BFCAE1-4C10-4B35-9F74-C4D88608939E} = {BE0D04D5-D351-4F92-86E5-0B2087B641DB}
		{2EDCC343-3D12-4109-8EE1-ED8C69D2AB41} = {BE0D04D5-D351-4F92-86E5-0B2087B641DB}
	EndGlobalSection
	GlobalSection(ExtensibilityGlobals) = postSolution
		SolutionGuid = {402F8CAC-F29B-469B-9240-CB6FBB7116F4}
	EndGlobalSection
EndGlobal
